# THIS IS AN AUTOGENERATED FILE. DO NOT EDIT THIS FILE DIRECTLY.
# yarn lockfile v1


"@ethersproject/abi@5.3.1", "@ethersproject/abi@^5.3.0":
  version "5.3.1"
  resolved "https://registry.yarnpkg.com/@ethersproject/abi/-/abi-5.3.1.tgz#69a1a496729d3a83521675a57cbe21f3cc27241c"
  integrity sha512-F98FWTJG7nWWAQ4DcV6R0cSlrj67MWK3ylahuFbzkumem5cLWg1p7fZ3vIdRoS1c7TEf55Lvyx0w7ICR47IImw==
  dependencies:
    "@ethersproject/address" "^5.3.0"
    "@ethersproject/bignumber" "^5.3.0"
    "@ethersproject/bytes" "^5.3.0"
    "@ethersproject/constants" "^5.3.0"
    "@ethersproject/hash" "^5.3.0"
    "@ethersproject/keccak256" "^5.3.0"
    "@ethersproject/logger" "^5.3.0"
    "@ethersproject/properties" "^5.3.0"
    "@ethersproject/strings" "^5.3.0"

"@ethersproject/abstract-provider@5.3.0", "@ethersproject/abstract-provider@^5.3.0":
  version "5.3.0"
  resolved "https://registry.yarnpkg.com/@ethersproject/abstract-provider/-/abstract-provider-5.3.0.tgz#f4c0ae4a4cef9f204d7781de805fd44b72756c81"
  integrity sha512-1+MLhGP1GwxBDBNwMWVmhCsvKwh4gK7oIfOrmlmePNeskg1NhIrYssraJBieaFNHUYfKEd/1DjiVZMw8Qu5Cxw==
  dependencies:
    "@ethersproject/bignumber" "^5.3.0"
    "@ethersproject/bytes" "^5.3.0"
    "@ethersproject/logger" "^5.3.0"
    "@ethersproject/networks" "^5.3.0"
    "@ethersproject/properties" "^5.3.0"
    "@ethersproject/transactions" "^5.3.0"
    "@ethersproject/web" "^5.3.0"

"@ethersproject/abstract-signer@5.3.0", "@ethersproject/abstract-signer@^5.3.0":
  version "5.3.0"
  resolved "https://registry.yarnpkg.com/@ethersproject/abstract-signer/-/abstract-signer-5.3.0.tgz#05172b653e15b535ed5854ef5f6a72f4b441052d"
  integrity sha512-w8IFwOYqiPrtvosPuArZ3+QPR2nmdVTRrVY8uJYL3NNfMmQfTy3V3l2wbzX47UUlNbPJY+gKvzJAyvK1onZxJg==
  dependencies:
    "@ethersproject/abstract-provider" "^5.3.0"
    "@ethersproject/bignumber" "^5.3.0"
    "@ethersproject/bytes" "^5.3.0"
    "@ethersproject/logger" "^5.3.0"
    "@ethersproject/properties" "^5.3.0"

"@ethersproject/address@5.3.0", "@ethersproject/address@^5.3.0":
  version "5.3.0"
  resolved "https://registry.yarnpkg.com/@ethersproject/address/-/address-5.3.0.tgz#e53b69eacebf332e8175de814c5e6507d6932518"
  integrity sha512-29TgjzEBK+gUEUAOfWCG7s9IxLNLCqvr+oDSk6L9TXD0VLvZJKhJV479tKQqheVA81OeGxfpdxYtUVH8hqlCvA==
  dependencies:
    "@ethersproject/bignumber" "^5.3.0"
    "@ethersproject/bytes" "^5.3.0"
    "@ethersproject/keccak256" "^5.3.0"
    "@ethersproject/logger" "^5.3.0"
    "@ethersproject/rlp" "^5.3.0"

"@ethersproject/base64@5.3.0", "@ethersproject/base64@^5.3.0":
  version "5.3.0"
  resolved "https://registry.yarnpkg.com/@ethersproject/base64/-/base64-5.3.0.tgz#b831fb35418b42ad24d943c557259062b8640824"
  integrity sha512-JIqgtOmgKcbc2sjGWTXyXktqUhvFUDte8fPVsAaOrcPiJf6YotNF+nsrOYGC9pbHBEGSuSBp3QR0varkO8JHEw==
  dependencies:
    "@ethersproject/bytes" "^5.3.0"

"@ethersproject/basex@5.3.0", "@ethersproject/basex@^5.3.0":
  version "5.3.0"
  resolved "https://registry.yarnpkg.com/@ethersproject/basex/-/basex-5.3.0.tgz#02dea3ab8559ae625c6d548bc11773432255c916"
  integrity sha512-8J4nS6t/SOnoCgr3DF5WCSRLC5YwTKYpZWJqeyYQLX+86TwPhtzvHXacODzcDII9tWKhVg6g0Bka8JCBWXsCiQ==
  dependencies:
    "@ethersproject/bytes" "^5.3.0"
    "@ethersproject/properties" "^5.3.0"

"@ethersproject/bignumber@5.3.0", "@ethersproject/bignumber@^5.3.0":
  version "5.3.0"
  resolved "https://registry.yarnpkg.com/@ethersproject/bignumber/-/bignumber-5.3.0.tgz#74ab2ec9c3bda4e344920565720a6ee9c794e9db"
  integrity sha512-5xguJ+Q1/zRMgHgDCaqAexx/8DwDVLRemw2i6uR8KyGjwGdXI8f32QZZ1cKGucBN6ekJvpUpHy6XAuQnTv0mPA==
  dependencies:
    "@ethersproject/bytes" "^5.3.0"
    "@ethersproject/logger" "^5.3.0"
    bn.js "^4.11.9"

"@ethersproject/bytes@5.3.0", "@ethersproject/bytes@^5.3.0":
  version "5.3.0"
  resolved "https://registry.yarnpkg.com/@ethersproject/bytes/-/bytes-5.3.0.tgz#473e0da7f831d535b2002be05e6f4ca3729a1bc9"
  integrity sha512-rqLJjdVqCcn7glPer7Fxh87PRqlnRScVAoxcIP3PmOUNApMWJ6yRdOFfo2KvPAdO7Le3yEI1o0YW+Yvr7XCYvw==
  dependencies:
    "@ethersproject/logger" "^5.3.0"

"@ethersproject/constants@5.3.0", "@ethersproject/constants@^5.3.0":
  version "5.3.0"
  resolved "https://registry.yarnpkg.com/@ethersproject/constants/-/constants-5.3.0.tgz#a5d6d86c0eec2c64c3024479609493b9afb3fc77"
  integrity sha512-4y1feNOwEpgjAfiCFWOHznvv6qUF/H6uI0UKp8xdhftb+H+FbKflXg1pOgH5qs4Sr7EYBL+zPyPb+YD5g1aEyw==
  dependencies:
    "@ethersproject/bignumber" "^5.3.0"

"@ethersproject/contracts@5.3.0":
  version "5.3.0"
  resolved "https://registry.yarnpkg.com/@ethersproject/contracts/-/contracts-5.3.0.tgz#ad699a3abaae30bfb6422cf31813a663b2d4099c"
  integrity sha512-eDyQ8ltykvyQqnGZxb/c1e0OnEtzqXhNNC4BX8nhYBCaoBrYYuK/1fLmyEvc5+XUMoxNhwpYkoSSwvPLci7/Zg==
  dependencies:
    "@ethersproject/abi" "^5.3.0"
    "@ethersproject/abstract-provider" "^5.3.0"
    "@ethersproject/abstract-signer" "^5.3.0"
    "@ethersproject/address" "^5.3.0"
    "@ethersproject/bignumber" "^5.3.0"
    "@ethersproject/bytes" "^5.3.0"
    "@ethersproject/constants" "^5.3.0"
    "@ethersproject/logger" "^5.3.0"
    "@ethersproject/properties" "^5.3.0"
    "@ethersproject/transactions" "^5.3.0"

"@ethersproject/hash@5.3.0", "@ethersproject/hash@^5.3.0":
  version "5.3.0"
  resolved "https://registry.yarnpkg.com/@ethersproject/hash/-/hash-5.3.0.tgz#f65e3bf3db3282df4da676db6cfa049535dd3643"
  integrity sha512-gAFZSjUPQ32CIfoKSMtMEQ+IO0kQxqhwz9fCIFt2DtAq2u4pWt8mL9Z5P0r6KkLcQU8LE9FmuPPyd+JvBzmr1w==
  dependencies:
    "@ethersproject/abstract-signer" "^5.3.0"
    "@ethersproject/address" "^5.3.0"
    "@ethersproject/bignumber" "^5.3.0"
    "@ethersproject/bytes" "^5.3.0"
    "@ethersproject/keccak256" "^5.3.0"
    "@ethersproject/logger" "^5.3.0"
    "@ethersproject/properties" "^5.3.0"
    "@ethersproject/strings" "^5.3.0"

"@ethersproject/hdnode@5.3.0", "@ethersproject/hdnode@^5.3.0":
  version "5.3.0"
  resolved "https://registry.yarnpkg.com/@ethersproject/hdnode/-/hdnode-5.3.0.tgz#26fed65ffd5c25463fddff13f5fb4e5617553c94"
  integrity sha512-zLmmtLNoDMGoYRdjOab01Zqkvp+TmZyCGDAMQF1Bs3yZyBs/kzTNi1qJjR1jVUcPP5CWGtjFwY8iNG8oNV9J8g==
  dependencies:
    "@ethersproject/abstract-signer" "^5.3.0"
    "@ethersproject/basex" "^5.3.0"
    "@ethersproject/bignumber" "^5.3.0"
    "@ethersproject/bytes" "^5.3.0"
    "@ethersproject/logger" "^5.3.0"
    "@ethersproject/pbkdf2" "^5.3.0"
    "@ethersproject/properties" "^5.3.0"
    "@ethersproject/sha2" "^5.3.0"
    "@ethersproject/signing-key" "^5.3.0"
    "@ethersproject/strings" "^5.3.0"
    "@ethersproject/transactions" "^5.3.0"
    "@ethersproject/wordlists" "^5.3.0"

"@ethersproject/json-wallets@5.3.0", "@ethersproject/json-wallets@^5.3.0":
  version "5.3.0"
  resolved "https://registry.yarnpkg.com/@ethersproject/json-wallets/-/json-wallets-5.3.0.tgz#7b1a5ff500c12aa8597ae82c8939837b0449376e"
  integrity sha512-/xwbqaIb5grUIGNmeEaz8GdcpmDr++X8WT4Jqcclnxow8PXCUHFeDxjf3O+nSuoqOYG/Ds0+BI5xuQKbva6Xkw==
  dependencies:
    "@ethersproject/abstract-signer" "^5.3.0"
    "@ethersproject/address" "^5.3.0"
    "@ethersproject/bytes" "^5.3.0"
    "@ethersproject/hdnode" "^5.3.0"
    "@ethersproject/keccak256" "^5.3.0"
    "@ethersproject/logger" "^5.3.0"
    "@ethersproject/pbkdf2" "^5.3.0"
    "@ethersproject/properties" "^5.3.0"
    "@ethersproject/random" "^5.3.0"
    "@ethersproject/strings" "^5.3.0"
    "@ethersproject/transactions" "^5.3.0"
    aes-js "3.0.0"
    scrypt-js "3.0.1"

"@ethersproject/keccak256@5.3.0", "@ethersproject/keccak256@^5.3.0":
  version "5.3.0"
  resolved "https://registry.yarnpkg.com/@ethersproject/keccak256/-/keccak256-5.3.0.tgz#fb5cd36bdfd6fa02e2ea84964078a9fc6bd731be"
  integrity sha512-Gv2YqgIUmRbYVNIibafT0qGaeGYLIA/EdWHJ7JcVxVSs2vyxafGxOJ5VpSBHWeOIsE6OOaCelYowhuuTicgdFQ==
  dependencies:
    "@ethersproject/bytes" "^5.3.0"
    js-sha3 "0.5.7"

"@ethersproject/logger@5.3.0", "@ethersproject/logger@^5.3.0":
  version "5.3.0"
  resolved "https://registry.yarnpkg.com/@ethersproject/logger/-/logger-5.3.0.tgz#7a69fa1d4ca0d4b7138da1627eb152f763d84dd0"
  integrity sha512-8bwJ2gxJGkZZnpQSq5uSiZSJjyVTWmlGft4oH8vxHdvO1Asy4TwVepAhPgxIQIMxXZFUNMych1YjIV4oQ4I7dA==

"@ethersproject/networks@5.3.1", "@ethersproject/networks@^5.3.0":
  version "5.3.1"
  resolved "https://registry.yarnpkg.com/@ethersproject/networks/-/networks-5.3.1.tgz#78fe08324cee289ce239acf8c746121934b2ef61"
  integrity sha512-6uQKHkYChlsfeiZhQ8IHIqGE/sQsf25o9ZxAYpMxi15dLPzz3IxOEF5KiSD32aHwsjXVBKBSlo+teAXLlYJybw==
  dependencies:
    "@ethersproject/logger" "^5.3.0"

"@ethersproject/pbkdf2@5.3.0", "@ethersproject/pbkdf2@^5.3.0":
  version "5.3.0"
  resolved "https://registry.yarnpkg.com/@ethersproject/pbkdf2/-/pbkdf2-5.3.0.tgz#8adbb41489c3c9f319cc44bc7d3e6095fd468dc8"
  integrity sha512-Q9ChVU6gBFiex0FSdtzo4b0SAKz3ZYcYVFLrEWHL0FnHvNk3J3WgAtRNtBQGQYn/T5wkoTdZttMbfBkFlaiWcA==
  dependencies:
    "@ethersproject/bytes" "^5.3.0"
    "@ethersproject/sha2" "^5.3.0"

"@ethersproject/properties@5.3.0", "@ethersproject/properties@^5.3.0":
  version "5.3.0"
  resolved "https://registry.yarnpkg.com/@ethersproject/properties/-/properties-5.3.0.tgz#feef4c4babeb7c10a6b3449575016f4ad2c092b2"
  integrity sha512-PaHxJyM5/bfusk6vr3yP//JMnm4UEojpzuWGTmtL5X4uNhNnFNvlYilZLyDr4I9cTkIbipCMsAuIcXWsmdRnEw==
  dependencies:
    "@ethersproject/logger" "^5.3.0"

"@ethersproject/providers@5.3.1":
  version "5.3.1"
  resolved "https://registry.yarnpkg.com/@ethersproject/providers/-/providers-5.3.1.tgz#a12c6370e8cbc0968c9744641b8ef90b0dd5ec2b"
  integrity sha512-HC63vENTrur6/JKEhcQbA8PRDj1FAesdpX98IW+xAAo3EAkf70ou5fMIA3KCGzJDLNTeYA4C2Bonz849tVLekg==
  dependencies:
    "@ethersproject/abstract-provider" "^5.3.0"
    "@ethersproject/abstract-signer" "^5.3.0"
    "@ethersproject/address" "^5.3.0"
    "@ethersproject/basex" "^5.3.0"
    "@ethersproject/bignumber" "^5.3.0"
    "@ethersproject/bytes" "^5.3.0"
    "@ethersproject/constants" "^5.3.0"
    "@ethersproject/hash" "^5.3.0"
    "@ethersproject/logger" "^5.3.0"
    "@ethersproject/networks" "^5.3.0"
    "@ethersproject/properties" "^5.3.0"
    "@ethersproject/random" "^5.3.0"
    "@ethersproject/rlp" "^5.3.0"
    "@ethersproject/sha2" "^5.3.0"
    "@ethersproject/strings" "^5.3.0"
    "@ethersproject/transactions" "^5.3.0"
    "@ethersproject/web" "^5.3.0"
    bech32 "1.1.4"
    ws "7.4.6"

"@ethersproject/random@5.3.0", "@ethersproject/random@^5.3.0":
  version "5.3.0"
  resolved "https://registry.yarnpkg.com/@ethersproject/random/-/random-5.3.0.tgz#7c46bf36e50cb0d0550bc8c666af8e1d4496dc1a"
  integrity sha512-A5SL/4inutSwt3Fh2OD0x2gz+x6GHmuUnIPkR7zAiTidMD2N8F6tZdMF1hlQKWVCcVMWhEQg8mWijhEzm6BBYw==
  dependencies:
    "@ethersproject/bytes" "^5.3.0"
    "@ethersproject/logger" "^5.3.0"

"@ethersproject/rlp@5.3.0", "@ethersproject/rlp@^5.3.0":
  version "5.3.0"
  resolved "https://registry.yarnpkg.com/@ethersproject/rlp/-/rlp-5.3.0.tgz#7cb93a7b5dfa69163894153c9d4b0d936f333188"
  integrity sha512-oI0joYpsRanl9guDubaW+1NbcpK0vJ3F/6Wpcanzcnqq+oaW9O5E98liwkEDPcb16BUTLIJ+ZF8GPIHYxJ/5Pw==
  dependencies:
    "@ethersproject/bytes" "^5.3.0"
    "@ethersproject/logger" "^5.3.0"

"@ethersproject/sha2@5.3.0", "@ethersproject/sha2@^5.3.0":
  version "5.3.0"
  resolved "https://registry.yarnpkg.com/@ethersproject/sha2/-/sha2-5.3.0.tgz#209f9a1649f7d2452dcd5e5b94af43b7f3f42366"
  integrity sha512-r5ftlwKcocYEuFz2JbeKOT5SAsCV4m1RJDsTOEfQ5L67ZC7NFDK5i7maPdn1bx4nPhylF9VAwxSrQ1esmwzylg==
  dependencies:
    "@ethersproject/bytes" "^5.3.0"
    "@ethersproject/logger" "^5.3.0"
    hash.js "1.1.7"

"@ethersproject/signing-key@5.3.0", "@ethersproject/signing-key@^5.3.0":
  version "5.3.0"
  resolved "https://registry.yarnpkg.com/@ethersproject/signing-key/-/signing-key-5.3.0.tgz#a96c88f8173e1abedfa35de32d3e5db7c48e5259"
  integrity sha512-+DX/GwHAd0ok1bgedV1cKO0zfK7P/9aEyNoaYiRsGHpCecN7mhLqcdoUiUzE7Uz86LBsxm5ssK0qA1kBB47fbQ==
  dependencies:
    "@ethersproject/bytes" "^5.3.0"
    "@ethersproject/logger" "^5.3.0"
    "@ethersproject/properties" "^5.3.0"
    bn.js "^4.11.9"
    elliptic "6.5.4"
    hash.js "1.1.7"

"@ethersproject/solidity@5.3.0":
  version "5.3.0"
  resolved "https://registry.yarnpkg.com/@ethersproject/solidity/-/solidity-5.3.0.tgz#2a0b00b4aaaef99a080ddea13acab1fa35cd4a93"
  integrity sha512-uLRBaNUiISHbut94XKewJgQh6UmydWTBp71I7I21pkjVXfZO2dJ5EOo3jCnumJc01M4LOm79dlNNmF3oGIvweQ==
  dependencies:
    "@ethersproject/bignumber" "^5.3.0"
    "@ethersproject/bytes" "^5.3.0"
    "@ethersproject/keccak256" "^5.3.0"
    "@ethersproject/sha2" "^5.3.0"
    "@ethersproject/strings" "^5.3.0"

"@ethersproject/strings@5.3.0", "@ethersproject/strings@^5.3.0":
  version "5.3.0"
  resolved "https://registry.yarnpkg.com/@ethersproject/strings/-/strings-5.3.0.tgz#a6b640aab56a18e0909f657da798eef890968ff0"
  integrity sha512-j/AzIGZ503cvhuF2ldRSjB0BrKzpsBMtCieDtn4TYMMZMQ9zScJn9wLzTQl/bRNvJbBE6TOspK0r8/Ngae/f2Q==
  dependencies:
    "@ethersproject/bytes" "^5.3.0"
    "@ethersproject/constants" "^5.3.0"
    "@ethersproject/logger" "^5.3.0"

"@ethersproject/transactions@5.3.0", "@ethersproject/transactions@^5.3.0":
  version "5.3.0"
  resolved "https://registry.yarnpkg.com/@ethersproject/transactions/-/transactions-5.3.0.tgz#49b86f2bafa4d0bdf8e596578fc795ee47c50458"
  integrity sha512-cdfK8VVyW2oEBCXhURG0WQ6AICL/r6Gmjh0e4Bvbv6MCn/GBd8FeBH3rtl7ho+AW50csMKeGv3m3K1HSHB2jMQ==
  dependencies:
    "@ethersproject/address" "^5.3.0"
    "@ethersproject/bignumber" "^5.3.0"
    "@ethersproject/bytes" "^5.3.0"
    "@ethersproject/constants" "^5.3.0"
    "@ethersproject/keccak256" "^5.3.0"
    "@ethersproject/logger" "^5.3.0"
    "@ethersproject/properties" "^5.3.0"
    "@ethersproject/rlp" "^5.3.0"
    "@ethersproject/signing-key" "^5.3.0"

"@ethersproject/units@5.3.0":
  version "5.3.0"
  resolved "https://registry.yarnpkg.com/@ethersproject/units/-/units-5.3.0.tgz#c4d1493532ad3d4ddf6e2bc4f8c94a2db933a8f5"
  integrity sha512-BkfccZGwfJ6Ob+AelpIrgAzuNhrN2VLp3AILnkqTOv+yBdsc83V4AYf25XC/u0rHnWl6f4POaietPwlMqP2vUg==
  dependencies:
    "@ethersproject/bignumber" "^5.3.0"
    "@ethersproject/constants" "^5.3.0"
    "@ethersproject/logger" "^5.3.0"

"@ethersproject/wallet@5.3.0":
  version "5.3.0"
  resolved "https://registry.yarnpkg.com/@ethersproject/wallet/-/wallet-5.3.0.tgz#91946b470bd279e39ade58866f21f92749d062af"
  integrity sha512-boYBLydG6671p9QoG6EinNnNzbm7DNOjVT20eV8J6HQEq4aUaGiA2CytF2vK+2rOEWbzhZqoNDt6AlkE1LlsTg==
  dependencies:
    "@ethersproject/abstract-provider" "^5.3.0"
    "@ethersproject/abstract-signer" "^5.3.0"
    "@ethersproject/address" "^5.3.0"
    "@ethersproject/bignumber" "^5.3.0"
    "@ethersproject/bytes" "^5.3.0"
    "@ethersproject/hash" "^5.3.0"
    "@ethersproject/hdnode" "^5.3.0"
    "@ethersproject/json-wallets" "^5.3.0"
    "@ethersproject/keccak256" "^5.3.0"
    "@ethersproject/logger" "^5.3.0"
    "@ethersproject/properties" "^5.3.0"
    "@ethersproject/random" "^5.3.0"
    "@ethersproject/signing-key" "^5.3.0"
    "@ethersproject/transactions" "^5.3.0"
    "@ethersproject/wordlists" "^5.3.0"

"@ethersproject/web@5.3.0", "@ethersproject/web@^5.3.0":
  version "5.3.0"
  resolved "https://registry.yarnpkg.com/@ethersproject/web/-/web-5.3.0.tgz#7959c403f6476c61515008d8f92da51c553a8ee1"
  integrity sha512-Ni6/DHnY6k/TD41LEkv0RQDx4jqWz5e/RZvrSecsxGYycF+MFy2z++T/yGc2peRunLOTIFwEksgEGGlbwfYmhQ==
  dependencies:
    "@ethersproject/base64" "^5.3.0"
    "@ethersproject/bytes" "^5.3.0"
    "@ethersproject/logger" "^5.3.0"
    "@ethersproject/properties" "^5.3.0"
    "@ethersproject/strings" "^5.3.0"

"@ethersproject/wordlists@5.3.0", "@ethersproject/wordlists@^5.3.0":
  version "5.3.0"
  resolved "https://registry.yarnpkg.com/@ethersproject/wordlists/-/wordlists-5.3.0.tgz#45a0205f5178c1de33d316cb2ab7ed5eac3c06c5"
  integrity sha512-JcwumCZcsUxgWpiFU/BRy6b4KlTRdOmYvOKZcAw/3sdF93/pZyPW5Od2hFkHS8oWp4xS06YQ+qHqQhdcxdHafQ==
  dependencies:
    "@ethersproject/bytes" "^5.3.0"
    "@ethersproject/hash" "^5.3.0"
    "@ethersproject/logger" "^5.3.0"
    "@ethersproject/properties" "^5.3.0"
    "@ethersproject/strings" "^5.3.0"

"@terra-money/terra.js@^1.8.4":
  version "1.8.4"
  resolved "https://registry.yarnpkg.com/@terra-money/terra.js/-/terra.js-1.8.4.tgz#3e85cd7f90f3752411676c445205a2ad5461dbf5"
  integrity sha512-OrQc/FnaCBG5XkkAbPqZCyuJjmUDUNUVVLGQZ0Si5KItTUl2EX8k2BBfMYNGP/zTrvB3Mi8ksvYnt2QFZAR66A==
  dependencies:
    axios "^0.21.1"
    bech32 "^2.0.0"
    bip32 "^2.0.6"
    bip39 "^3.0.3"
    decimal.js "^10.2.1"
    jscrypto "^1.0.1"
    readable-stream "^3.6.0"
    secp256k1 "^4.0.2"
    tmp "^0.2.1"
    ws "^7.4.2"

"@types/node@10.12.18":
  version "10.12.18"
  resolved "https://registry.yarnpkg.com/@types/node/-/node-10.12.18.tgz#1d3ca764718915584fcd9f6344621b7672665c67"
  integrity sha512-fh+pAqt4xRzPfqA6eh3Z2y6fyZavRIumvjhaCL753+TVkGKGhpPeyrJG2JftD0T9q4GF00KjefsQ+PQNDdWQaQ==

"@types/node@11.11.6":
  version "11.11.6"
  resolved "https://registry.yarnpkg.com/@types/node/-/node-11.11.6.tgz#df929d1bb2eee5afdda598a41930fe50b43eaa6a"
  integrity sha512-Exw4yUWMBXM3X+8oqzJNRqZSwUAaS4+7NdvHqQuFi/d+synz++xmX3QIf+BFqneW8N31R8Ky+sikfZUXq07ggQ==

aes-js@3.0.0:
  version "3.0.0"
  resolved "https://registry.yarnpkg.com/aes-js/-/aes-js-3.0.0.tgz#e21df10ad6c2053295bcbb8dab40b09dbea87e4d"
  integrity sha1-4h3xCtbCBTKVvLuNq0Cwnb6ofk0=

axios@^0.21.1:
  version "0.21.1"
  resolved "https://registry.yarnpkg.com/axios/-/axios-0.21.1.tgz#22563481962f4d6bde9a76d516ef0e5d3c09b2b8"
  integrity sha512-dKQiRHxGD9PPRIUNIWvZhPTPpl1rf/OxTYKsqKUDjBwYylTvV7SjSHJb9ratfyzM6wCdLCOYLzs73qpg5c4iGA==
  dependencies:
    follow-redirects "^1.10.0"

balanced-match@^1.0.0:
  version "1.0.2"
  resolved "https://registry.yarnpkg.com/balanced-match/-/balanced-match-1.0.2.tgz#e83e3a7e3f300b34cb9d87f615fa0cbf357690ee"
  integrity sha512-3oSeUO0TMV67hN1AmbXsK4yaqU7tjiHlbxRDZOpH0KW9+CeX4bRAaX0Anxt0tx2MrpRpWwQaPwIlISEJhYU5Pw==

base-x@^3.0.2:
  version "3.0.8"
  resolved "https://registry.yarnpkg.com/base-x/-/base-x-3.0.8.tgz#1e1106c2537f0162e8b52474a557ebb09000018d"
  integrity sha512-Rl/1AWP4J/zRrk54hhlxH4drNxPJXYUaKffODVI53/dAsV4t9fBxyxYKAVPU1XBHxYwOWP9h9H0hM2MVw4YfJA==
  dependencies:
    safe-buffer "^5.0.1"

bech32@1.1.4:
  version "1.1.4"
  resolved "https://registry.yarnpkg.com/bech32/-/bech32-1.1.4.tgz#e38c9f37bf179b8eb16ae3a772b40c356d4832e9"
  integrity sha512-s0IrSOzLlbvX7yp4WBfPITzpAU8sqQcpsmwXDiKwrG4r491vwCO/XpejasRNl0piBMe/DvP4Tz0mIS/X1DPJBQ==

bech32@^2.0.0:
  version "2.0.0"
  resolved "https://registry.yarnpkg.com/bech32/-/bech32-2.0.0.tgz#078d3686535075c8c79709f054b1b226a133b355"
  integrity sha512-LcknSilhIGatDAsY1ak2I8VtGaHNhgMSYVxFrGLXv+xLHytaKZKcaUJJUE7qmBr7h33o5YQwP55pMI0xmkpJwg==

bindings@^1.3.0:
  version "1.5.0"
  resolved "https://registry.yarnpkg.com/bindings/-/bindings-1.5.0.tgz#10353c9e945334bc0511a6d90b38fbc7c9c504df"
  integrity sha512-p2q/t/mhvuOj/UeLlV6566GD/guowlr0hHxClI0W9m7MWYkL1F0hLo+0Aexs9HSPCtR1SXQ0TD3MMKrXZajbiQ==
  dependencies:
    file-uri-to-path "1.0.0"

bip32@^2.0.6:
  version "2.0.6"
  resolved "https://registry.yarnpkg.com/bip32/-/bip32-2.0.6.tgz#6a81d9f98c4cd57d05150c60d8f9e75121635134"
  integrity sha512-HpV5OMLLGTjSVblmrtYRfFFKuQB+GArM0+XP8HGWfJ5vxYBqo+DesvJwOdC2WJ3bCkZShGf0QIfoIpeomVzVdA==
  dependencies:
    "@types/node" "10.12.18"
    bs58check "^2.1.1"
    create-hash "^1.2.0"
    create-hmac "^1.1.7"
    tiny-secp256k1 "^1.1.3"
    typeforce "^1.11.5"
    wif "^2.0.6"

bip39@^3.0.3:
  version "3.0.4"
  resolved "https://registry.yarnpkg.com/bip39/-/bip39-3.0.4.tgz#5b11fed966840b5e1b8539f0f54ab6392969b2a0"
  integrity sha512-YZKQlb752TrUWqHWj7XAwCSjYEgGAk+/Aas3V7NyjQeZYsztO8JnQUaCWhcnL4T+jL8nvB8typ2jRPzTlgugNw==
  dependencies:
    "@types/node" "11.11.6"
    create-hash "^1.1.0"
    pbkdf2 "^3.0.9"
    randombytes "^2.0.1"

bn.js@^4.11.8, bn.js@^4.11.9:
  version "4.12.0"
  resolved "https://registry.yarnpkg.com/bn.js/-/bn.js-4.12.0.tgz#775b3f278efbb9718eec7361f483fb36fbbfea88"
  integrity sha512-c98Bf3tPniI+scsdk237ku1Dc3ujXQTSgyiPUDEOe7tRkhrqridvh8klBv0HCEso1OLOYcHuCv/cS6DNxKH+ZA==

brace-expansion@^1.1.7:
  version "1.1.11"
  resolved "https://registry.yarnpkg.com/brace-expansion/-/brace-expansion-1.1.11.tgz#3c7fcbf529d87226f3d2f52b966ff5271eb441dd"
  integrity sha512-iCuPHDFgrHX7H2vEI/5xpz07zSHB00TpugqhmYtVmMO6518mCuRMoOYFldEBl0g187ufozdaHgWKcYFb61qGiA==
  dependencies:
    balanced-match "^1.0.0"
    concat-map "0.0.1"

brorand@^1.1.0:
  version "1.1.0"
  resolved "https://registry.yarnpkg.com/brorand/-/brorand-1.1.0.tgz#12c25efe40a45e3c323eb8675a0a0ce57b22371f"
  integrity sha1-EsJe/kCkXjwyPrhnWgoM5XsiNx8=

bs58@^4.0.0:
  version "4.0.1"
  resolved "https://registry.yarnpkg.com/bs58/-/bs58-4.0.1.tgz#be161e76c354f6f788ae4071f63f34e8c4f0a42a"
  integrity sha1-vhYedsNU9veIrkBx9j806MTwpCo=
  dependencies:
    base-x "^3.0.2"

bs58check@<3.0.0, bs58check@^2.1.1:
  version "2.1.2"
  resolved "https://registry.yarnpkg.com/bs58check/-/bs58check-2.1.2.tgz#53b018291228d82a5aa08e7d796fdafda54aebfc"
  integrity sha512-0TS1jicxdU09dwJMNZtVAfzPi6Q6QeN0pM1Fkzrjn+XYHvzMKPU3pHVpva+769iNVSfIYWf7LJ6WR+BuuMf8cA==
  dependencies:
    bs58 "^4.0.0"
    create-hash "^1.1.0"
    safe-buffer "^5.1.2"

cipher-base@^1.0.1, cipher-base@^1.0.3:
  version "1.0.4"
  resolved "https://registry.yarnpkg.com/cipher-base/-/cipher-base-1.0.4.tgz#8760e4ecc272f4c363532f926d874aae2c1397de"
  integrity sha512-Kkht5ye6ZGmwv40uUDZztayT2ThLQGfnj/T71N/XzeZeo3nf8foyW7zGTsPYkEya3m5f3cAypH+qe7YOrM1U2Q==
  dependencies:
    inherits "^2.0.1"
    safe-buffer "^5.0.1"

concat-map@0.0.1:
  version "0.0.1"
  resolved "https://registry.yarnpkg.com/concat-map/-/concat-map-0.0.1.tgz#d8a96bd77fd68df7793a73036a3ba0d5405d477b"
  integrity sha1-2Klr13/Wjfd5OnMDajug1UBdR3s=

create-hash@^1.1.0, create-hash@^1.1.2, create-hash@^1.2.0:
  version "1.2.0"
  resolved "https://registry.yarnpkg.com/create-hash/-/create-hash-1.2.0.tgz#889078af11a63756bcfb59bd221996be3a9ef196"
  integrity sha512-z00bCGNHDG8mHAkP7CtT1qVu+bFQUPjYq/4Iv3C3kWjTFV10zIjfSoeqXo9Asws8gwSHDGj/hl2u4OGIjapeCg==
  dependencies:
    cipher-base "^1.0.1"
    inherits "^2.0.1"
    md5.js "^1.3.4"
    ripemd160 "^2.0.1"
    sha.js "^2.4.0"

create-hmac@^1.1.4, create-hmac@^1.1.7:
  version "1.1.7"
  resolved "https://registry.yarnpkg.com/create-hmac/-/create-hmac-1.1.7.tgz#69170c78b3ab957147b2b8b04572e47ead2243ff"
  integrity sha512-MJG9liiZ+ogc4TzUwuvbER1JRdgvUFSB5+VR/g5h82fGaIRWMWddtKBHi7/sVhfjQZ6SehlyhvQYrcYkaUIpLg==
  dependencies:
    cipher-base "^1.0.3"
    create-hash "^1.1.0"
    inherits "^2.0.1"
    ripemd160 "^2.0.0"
    safe-buffer "^5.0.1"
    sha.js "^2.4.8"

decimal.js@^10.2.1:
  version "10.2.1"
  resolved "https://registry.yarnpkg.com/decimal.js/-/decimal.js-10.2.1.tgz#238ae7b0f0c793d3e3cea410108b35a2c01426a3"
  integrity sha512-KaL7+6Fw6i5A2XSnsbhm/6B+NuEA7TZ4vqxnd5tXz9sbKtrN9Srj8ab4vKVdK8YAqZO9P1kg45Y6YLoduPf+kw==

dotenv@^10.0.0:
  version "10.0.0"
  resolved "https://registry.yarnpkg.com/dotenv/-/dotenv-10.0.0.tgz#3d4227b8fb95f81096cdd2b66653fb2c7085ba81"
  integrity sha512-rlBi9d8jpv9Sf1klPjNfFAuWDjKLwTIJJ/VxtoTwIR6hnZxcEOQCZg2oIL3MWBYw5GpUDKOEnND7LXTbIpQ03Q==

elliptic@6.5.4, elliptic@^6.4.0, elliptic@^6.5.2:
  version "6.5.4"
  resolved "https://registry.yarnpkg.com/elliptic/-/elliptic-6.5.4.tgz#da37cebd31e79a1367e941b592ed1fbebd58abbb"
  integrity sha512-iLhC6ULemrljPZb+QutR5TQGB+pdW6KGD5RSegS+8sorOZT+rdQFbsQFJgvN3eRqNALqJer4oQ16YvJHlU8hzQ==
  dependencies:
    bn.js "^4.11.9"
    brorand "^1.1.0"
    hash.js "^1.0.0"
    hmac-drbg "^1.0.1"
    inherits "^2.0.4"
    minimalistic-assert "^1.0.1"
    minimalistic-crypto-utils "^1.0.1"

ethers@^5.3.1:
  version "5.3.1"
  resolved "https://registry.yarnpkg.com/ethers/-/ethers-5.3.1.tgz#1f018f0aeb651576cd84fd987a45f0b99646d761"
  integrity sha512-xCKmC0gsZ9gks89ZfK3B1y6LlPdvX5fxDtu9SytnpdDJR1M7pmJI+4H0AxQPMgUYr7GtQdmECLR0gWdJQ+lZYw==
  dependencies:
    "@ethersproject/abi" "5.3.1"
    "@ethersproject/abstract-provider" "5.3.0"
    "@ethersproject/abstract-signer" "5.3.0"
    "@ethersproject/address" "5.3.0"
    "@ethersproject/base64" "5.3.0"
    "@ethersproject/basex" "5.3.0"
    "@ethersproject/bignumber" "5.3.0"
    "@ethersproject/bytes" "5.3.0"
    "@ethersproject/constants" "5.3.0"
    "@ethersproject/contracts" "5.3.0"
    "@ethersproject/hash" "5.3.0"
    "@ethersproject/hdnode" "5.3.0"
    "@ethersproject/json-wallets" "5.3.0"
    "@ethersproject/keccak256" "5.3.0"
    "@ethersproject/logger" "5.3.0"
    "@ethersproject/networks" "5.3.1"
    "@ethersproject/pbkdf2" "5.3.0"
    "@ethersproject/properties" "5.3.0"
    "@ethersproject/providers" "5.3.1"
    "@ethersproject/random" "5.3.0"
    "@ethersproject/rlp" "5.3.0"
    "@ethersproject/sha2" "5.3.0"
    "@ethersproject/signing-key" "5.3.0"
    "@ethersproject/solidity" "5.3.0"
    "@ethersproject/strings" "5.3.0"
    "@ethersproject/transactions" "5.3.0"
    "@ethersproject/units" "5.3.0"
    "@ethersproject/wallet" "5.3.0"
    "@ethersproject/web" "5.3.0"
    "@ethersproject/wordlists" "5.3.0"

file-uri-to-path@1.0.0:
  version "1.0.0"
  resolved "https://registry.yarnpkg.com/file-uri-to-path/-/file-uri-to-path-1.0.0.tgz#553a7b8446ff6f684359c445f1e37a05dacc33dd"
  integrity sha512-0Zt+s3L7Vf1biwWZ29aARiVYLx7iMGnEUl9x33fbB/j3jR81u/O2LbqK+Bm1CDSNDKVtJ/YjwY7TUd5SkeLQLw==

follow-redirects@^1.10.0:
  version "1.14.1"
  resolved "https://registry.yarnpkg.com/follow-redirects/-/follow-redirects-1.14.1.tgz#d9114ded0a1cfdd334e164e6662ad02bfd91ff43"
  integrity sha512-HWqDgT7ZEkqRzBvc2s64vSZ/hfOceEol3ac/7tKwzuvEyWx3/4UegXh5oBOIotkGsObyk3xznnSRVADBgWSQVg==

fs.realpath@^1.0.0:
  version "1.0.0"
  resolved "https://registry.yarnpkg.com/fs.realpath/-/fs.realpath-1.0.0.tgz#1504ad2523158caa40db4a2787cb01411994ea4f"
  integrity sha1-FQStJSMVjKpA20onh8sBQRmU6k8=

glob@^7.1.3:
  version "7.1.7"
  resolved "https://registry.yarnpkg.com/glob/-/glob-7.1.7.tgz#3b193e9233f01d42d0b3f78294bbeeb418f94a90"
  integrity sha512-OvD9ENzPLbegENnYP5UUfJIirTg4+XwMWGaQfQTY0JenxNvvIKP3U3/tAQSPIu/lHxXYSZmpXlUHeqAIdKzBLQ==
  dependencies:
    fs.realpath "^1.0.0"
    inflight "^1.0.4"
    inherits "2"
    minimatch "^3.0.4"
    once "^1.3.0"
    path-is-absolute "^1.0.0"

hash-base@^3.0.0:
  version "3.1.0"
  resolved "https://registry.yarnpkg.com/hash-base/-/hash-base-3.1.0.tgz#55c381d9e06e1d2997a883b4a3fddfe7f0d3af33"
  integrity sha512-1nmYp/rhMDiE7AYkDw+lLwlAzz0AntGIe51F3RfFfEqyQ3feY2eI/NcwC6umIQVOASPMsWJLJScWKSSvzL9IVA==
  dependencies:
    inherits "^2.0.4"
    readable-stream "^3.6.0"
    safe-buffer "^5.2.0"

hash.js@1.1.7, hash.js@^1.0.0, hash.js@^1.0.3:
  version "1.1.7"
  resolved "https://registry.yarnpkg.com/hash.js/-/hash.js-1.1.7.tgz#0babca538e8d4ee4a0f8988d68866537a003cf42"
  integrity sha512-taOaskGt4z4SOANNseOviYDvjEJinIkRgmp7LbKP2YTTmVxWBl87s/uzK9r+44BclBSp2X7K1hqeNfz9JbBeXA==
  dependencies:
    inherits "^2.0.3"
    minimalistic-assert "^1.0.1"

hmac-drbg@^1.0.1:
  version "1.0.1"
  resolved "https://registry.yarnpkg.com/hmac-drbg/-/hmac-drbg-1.0.1.tgz#d2745701025a6c775a6c545793ed502fc0c649a1"
  integrity sha1-0nRXAQJabHdabFRXk+1QL8DGSaE=
  dependencies:
    hash.js "^1.0.3"
    minimalistic-assert "^1.0.0"
    minimalistic-crypto-utils "^1.0.1"

inflight@^1.0.4:
  version "1.0.6"
  resolved "https://registry.yarnpkg.com/inflight/-/inflight-1.0.6.tgz#49bd6331d7d02d0c09bc910a1075ba8165b56df9"
  integrity sha1-Sb1jMdfQLQwJvJEKEHW6gWW1bfk=
  dependencies:
    once "^1.3.0"
    wrappy "1"

inherits@2, inherits@^2.0.1, inherits@^2.0.3, inherits@^2.0.4:
  version "2.0.4"
  resolved "https://registry.yarnpkg.com/inherits/-/inherits-2.0.4.tgz#0fa2c64f932917c3433a0ded55363aae37416b7c"
  integrity sha512-k/vGaX4/Yla3WzyMCvTQOXYeIHvqOKtnqBduzTHpzpQZzAskKMhZ2K+EnBiSM9zGSoIFeMpXKxa4dYeZIQqewQ==

js-sha3@0.5.7:
  version "0.5.7"
  resolved "https://registry.yarnpkg.com/js-sha3/-/js-sha3-0.5.7.tgz#0d4ffd8002d5333aabaf4a23eed2f6374c9f28e7"
  integrity sha1-DU/9gALVMzqrr0oj7tL2N0yfKOc=

jscrypto@^1.0.1:
  version "1.0.1"
  resolved "https://registry.yarnpkg.com/jscrypto/-/jscrypto-1.0.1.tgz#786f0f803b1717a4b7c6247ccfaa8a8230fe062b"
  integrity sha512-xb+lVDVDGe3cL7i7IZqdvQV0ucMyxxD3Jt+xfrc0GedTOdLto65rBHpIlKOJ8W/X3Qg/z5nEcUva5ziDVParSQ==

md5.js@^1.3.4:
  version "1.3.5"
  resolved "https://registry.yarnpkg.com/md5.js/-/md5.js-1.3.5.tgz#b5d07b8e3216e3e27cd728d72f70d1e6a342005f"
  integrity sha512-xitP+WxNPcTTOgnTJcrhM0xvdPepipPSf3I8EIpGKeFLjt3PlJLIDG3u8EX53ZIubkb+5U2+3rELYpEhHhzdkg==
  dependencies:
    hash-base "^3.0.0"
    inherits "^2.0.1"
    safe-buffer "^5.1.2"

minimalistic-assert@^1.0.0, minimalistic-assert@^1.0.1:
  version "1.0.1"
  resolved "https://registry.yarnpkg.com/minimalistic-assert/-/minimalistic-assert-1.0.1.tgz#2e194de044626d4a10e7f7fbc00ce73e83e4d5c7"
  integrity sha512-UtJcAD4yEaGtjPezWuO9wC4nwUnVH/8/Im3yEHQP4b67cXlD/Qr9hdITCU1xDbSEXg2XKNaP8jsReV7vQd00/A==

minimalistic-crypto-utils@^1.0.1:
  version "1.0.1"
  resolved "https://registry.yarnpkg.com/minimalistic-crypto-utils/-/minimalistic-crypto-utils-1.0.1.tgz#f6c00c1c0b082246e5c4d99dfb8c7c083b2b582a"
  integrity sha1-9sAMHAsIIkblxNmd+4x8CDsrWCo=

minimatch@^3.0.4:
  version "3.0.4"
  resolved "https://registry.yarnpkg.com/minimatch/-/minimatch-3.0.4.tgz#5166e286457f03306064be5497e8dbb0c3d32083"
  integrity sha512-yJHVQEhyqPLUTgt9B83PXu6W3rx4MvvHvSUvToogpwoGDOUQ+yDrR0HRot+yOCdCO7u4hX3pWft6kWBBcqh0UA==
  dependencies:
    brace-expansion "^1.1.7"

nan@^2.13.2:
  version "2.14.2"
  resolved "https://registry.yarnpkg.com/nan/-/nan-2.14.2.tgz#f5376400695168f4cc694ac9393d0c9585eeea19"
  integrity sha512-M2ufzIiINKCuDfBSAUr1vWQ+vuVcA9kqx8JJUsbQi6yf1uGRyb7HfpdfUr5qLXf3B/t8dPvcjhKMmlfnP47EzQ==

node-addon-api@^2.0.0:
  version "2.0.2"
  resolved "https://registry.yarnpkg.com/node-addon-api/-/node-addon-api-2.0.2.tgz#432cfa82962ce494b132e9d72a15b29f71ff5d32"
  integrity sha512-Ntyt4AIXyaLIuMHF6IOoTakB3K+RWxwtsHNRxllEoA6vPwP9o4866g6YWDLUdnucilZhmkxiHwHr11gAENw+QA==

node-gyp-build@^4.2.0:
  version "4.2.3"
  resolved "https://registry.yarnpkg.com/node-gyp-build/-/node-gyp-build-4.2.3.tgz#ce6277f853835f718829efb47db20f3e4d9c4739"
  integrity sha512-MN6ZpzmfNCRM+3t57PTJHgHyw/h4OWnZ6mR8P5j/uZtqQr46RRuDE/P+g3n0YR/AiYXeWixZZzaip77gdICfRg==

once@^1.3.0:
  version "1.4.0"
  resolved "https://registry.yarnpkg.com/once/-/once-1.4.0.tgz#583b1aa775961d4b113ac17d9c50baef9dd76bd1"
  integrity sha1-WDsap3WWHUsROsF9nFC6753Xa9E=
  dependencies:
    wrappy "1"

path-is-absolute@^1.0.0:
  version "1.0.1"
  resolved "https://registry.yarnpkg.com/path-is-absolute/-/path-is-absolute-1.0.1.tgz#174b9268735534ffbc7ace6bf53a5a9e1b5c5f5f"
  integrity sha1-F0uSaHNVNP+8es5r9TpanhtcX18=

pbkdf2@^3.0.9:
  version "3.1.2"
  resolved "https://registry.yarnpkg.com/pbkdf2/-/pbkdf2-3.1.2.tgz#dd822aa0887580e52f1a039dc3eda108efae3075"
  integrity sha512-iuh7L6jA7JEGu2WxDwtQP1ddOpaJNC4KlDEFfdQajSGgGPNi4OyDc2R7QnbY2bR9QjBVGwgvTdNJZoE7RaxUMA==
  dependencies:
    create-hash "^1.1.2"
    create-hmac "^1.1.4"
    ripemd160 "^2.0.1"
    safe-buffer "^5.0.1"
    sha.js "^2.4.8"

randombytes@^2.0.1:
  version "2.1.0"
  resolved "https://registry.yarnpkg.com/randombytes/-/randombytes-2.1.0.tgz#df6f84372f0270dc65cdf6291349ab7a473d4f2a"
  integrity sha512-vYl3iOX+4CKUWuxGi9Ukhie6fsqXqS9FE2Zaic4tNFD2N2QQaXOMFbuKK4QmDHC0JO6B1Zp41J0LpT0oR68amQ==
  dependencies:
    safe-buffer "^5.1.0"

readable-stream@^3.6.0:
  version "3.6.0"
  resolved "https://registry.yarnpkg.com/readable-stream/-/readable-stream-3.6.0.tgz#337bbda3adc0706bd3e024426a286d4b4b2c9198"
  integrity sha512-BViHy7LKeTz4oNnkcLJ+lVSL6vpiFeX6/d3oSH8zCW7UxP2onchk+vTGB143xuFjHS3deTgkKoXXymXqymiIdA==
  dependencies:
    inherits "^2.0.3"
    string_decoder "^1.1.1"
    util-deprecate "^1.0.1"

rimraf@^3.0.0:
  version "3.0.2"
  resolved "https://registry.yarnpkg.com/rimraf/-/rimraf-3.0.2.tgz#f1a5402ba6220ad52cc1282bac1ae3aa49fd061a"
  integrity sha512-JZkJMZkAGFFPP2YqXZXPbMlMBgsxzE8ILs4lMIX/2o0L9UBw9O/Y3o6wFw/i9YLapcUJWwqbi3kdxIPdC62TIA==
  dependencies:
    glob "^7.1.3"

ripemd160@^2.0.0, ripemd160@^2.0.1:
  version "2.0.2"
  resolved "https://registry.yarnpkg.com/ripemd160/-/ripemd160-2.0.2.tgz#a1c1a6f624751577ba5d07914cbc92850585890c"
  integrity sha512-ii4iagi25WusVoiC4B4lq7pbXfAp3D9v5CwfkY33vffw2+pkDjY1D8GaN7spsxvCSx8dkPqOZCEZyfxcmJG2IA==
  dependencies:
    hash-base "^3.0.0"
    inherits "^2.0.1"

safe-buffer@^5.0.1, safe-buffer@^5.1.0, safe-buffer@^5.1.2, safe-buffer@^5.2.0, safe-buffer@~5.2.0:
  version "5.2.1"
  resolved "https://registry.yarnpkg.com/safe-buffer/-/safe-buffer-5.2.1.tgz#1eaf9fa9bdb1fdd4ec75f58f9cdb4e6b7827eec6"
  integrity sha512-rp3So07KcdmmKbGvgaNxQSJr7bGVSVk5S9Eq1F+ppbRo70+YeaDxkw5Dd8NPN+GD6bjnYm2VuPuCXmpuYvmCXQ==

scrypt-js@3.0.1:
  version "3.0.1"
  resolved "https://registry.yarnpkg.com/scrypt-js/-/scrypt-js-3.0.1.tgz#d314a57c2aef69d1ad98a138a21fe9eafa9ee312"
  integrity sha512-cdwTTnqPu0Hyvf5in5asVdZocVDTNRmR7XEcJuIzMjJeSHybHl7vpB66AzwTaIg6CLSbtjcxc8fqcySfnTkccA==

secp256k1@^4.0.2:
  version "4.0.2"
  resolved "https://registry.yarnpkg.com/secp256k1/-/secp256k1-4.0.2.tgz#15dd57d0f0b9fdb54ac1fa1694f40e5e9a54f4a1"
  integrity sha512-UDar4sKvWAksIlfX3xIaQReADn+WFnHvbVujpcbr+9Sf/69odMwy2MUsz5CKLQgX9nsIyrjuxL2imVyoNHa3fg==
  dependencies:
    elliptic "^6.5.2"
    node-addon-api "^2.0.0"
    node-gyp-build "^4.2.0"

sha.js@^2.4.0, sha.js@^2.4.8:
  version "2.4.11"
  resolved "https://registry.yarnpkg.com/sha.js/-/sha.js-2.4.11.tgz#37a5cf0b81ecbc6943de109ba2960d1b26584ae7"
  integrity sha512-QMEp5B7cftE7APOjk5Y6xgrbWu+WkLVQwk8JNjZ8nKRciZaByEW6MubieAiToS7+dwvrjGhH8jRXz3MVd0AYqQ==
  dependencies:
    inherits "^2.0.1"
    safe-buffer "^5.0.1"

string_decoder@^1.1.1:
  version "1.3.0"
  resolved "https://registry.yarnpkg.com/string_decoder/-/string_decoder-1.3.0.tgz#42f114594a46cf1a8e30b0a84f56c78c3edac21e"
  integrity sha512-hkRX8U1WjJFd8LsDJ2yQ/wWWxaopEsABU1XfkM8A+j0+85JAGppt16cr1Whg6KIbb4okU6Mql6BOj+uup/wKeA==
  dependencies:
    safe-buffer "~5.2.0"

tiny-secp256k1@^1.1.3:
  version "1.1.6"
  resolved "https://registry.yarnpkg.com/tiny-secp256k1/-/tiny-secp256k1-1.1.6.tgz#7e224d2bee8ab8283f284e40e6b4acb74ffe047c"
  integrity sha512-FmqJZGduTyvsr2cF3375fqGHUovSwDi/QytexX1Se4BPuPZpTE5Ftp5fg+EFSuEf3lhZqgCRjEG3ydUQ/aNiwA==
  dependencies:
    bindings "^1.3.0"
    bn.js "^4.11.8"
    create-hmac "^1.1.7"
    elliptic "^6.4.0"
    nan "^2.13.2"

tmp@^0.2.1:
  version "0.2.1"
  resolved "https://registry.yarnpkg.com/tmp/-/tmp-0.2.1.tgz#8457fc3037dcf4719c251367a1af6500ee1ccf14"
  integrity sha512-76SUhtfqR2Ijn+xllcI5P1oyannHNHByD80W1q447gU3mp9G9PSpGdWmjUOHRDPiHYacIk66W7ubDTuPF3BEtQ==
  dependencies:
    rimraf "^3.0.0"

typeforce@^1.11.5:
  version "1.18.0"
  resolved "https://registry.yarnpkg.com/typeforce/-/typeforce-1.18.0.tgz#d7416a2c5845e085034d70fcc5b6cc4a90edbfdc"
  integrity sha512-7uc1O8h1M1g0rArakJdf0uLRSSgFcYexrVoKo+bzJd32gd4gDy2L/Z+8/FjPnU9ydY3pEnVPtr9FyscYY60K1g==

util-deprecate@^1.0.1:
  version "1.0.2"
  resolved "https://registry.yarnpkg.com/util-deprecate/-/util-deprecate-1.0.2.tgz#450d4dc9fa70de732762fbd2d4a28981419a0ccf"
  integrity sha1-RQ1Nyfpw3nMnYvvS1KKJgUGaDM8=

wif@^2.0.6:
  version "2.0.6"
  resolved "https://registry.yarnpkg.com/wif/-/wif-2.0.6.tgz#08d3f52056c66679299726fade0d432ae74b4704"
  integrity sha1-CNP1IFbGZnkplyb63g1DKudLRwQ=
  dependencies:
    bs58check "<3.0.0"

wrappy@1:
  version "1.0.2"
  resolved "https://registry.yarnpkg.com/wrappy/-/wrappy-1.0.2.tgz#b5243d8f3ec1aa35f1364605bc0d1036e30ab69f"
  integrity sha1-tSQ9jz7BqjXxNkYFvA0QNuMKtp8=

ws@7.4.6:
  version "7.4.6"
  resolved "https://registry.yarnpkg.com/ws/-/ws-7.4.6.tgz#5654ca8ecdeee47c33a9a4bf6d28e2be2980377c"
  integrity sha512-YmhHDO4MzaDLB+M9ym/mDA5z0naX8j7SIlT8f8z+I0VtzsRbekxEutHSme7NPS2qE8StCYQNUnfWdXta/Yu85A==

ws@^7.4.2:
  version "7.5.0"
  resolved "https://registry.yarnpkg.com/ws/-/ws-7.5.0.tgz#0033bafea031fb9df041b2026fc72a571ca44691"
  integrity sha512-6ezXvzOZupqKj4jUqbQ9tXuJNo+BR2gU8fFRk3XCP3e0G6WT414u5ELe6Y0vtp7kmSJ3F7YWObSNr1ESsgi4vw==
